
Microsoft Visual Studio Solution File, Format Version 12.00
# Visual Studio 2012
Project("{8BC9CEB8-8B4A-11D0-8D11-00A0C91BC942}") = "DST", "DST\DST.vcxproj", "{8F166FC4-981F-4C32-9F38-AA6B9D34CC6F}"
EndProject
Global
	GlobalSection(SolutionConfigurationPlatforms) = preSolution
		Debug|Win32 = Debug|Win32
		Release|Win32 = Release|Win32
	EndGlobalSection
	GlobalSection(ProjectConfigurationPlatforms) = postSolution
		{8F166FC4-981F-4C32-9F38-AA6B9D34CC6F}.Debug|Win32.ActiveCfg = Debug|Win32
		{8F166FC4-981F-4C32-9F38-AA6B9D34CC6F}.Debug|Win32.Build.0 = Debug|Win32
		{8F166FC4-981F-4C32-9F38-AA6B9D34CC6F}.Release|Win32.ActiveCfg = Release|Win32
		{8F166FC4-981F-4C32-9F38-AA6B9D34CC6F}.Release|Win32.Build.0 = Release|Win32
	EndGlobalSection
	GlobalSection(SolutionProperties) = preSolution
		HideSolutionNode = FALSE
	EndGlobalSection
EndGlobal
